// !$*UTF8*$!
{
	archiveVersion = 1;
	classes = {
	};
	objectVersion = 48;
	objects = {

/* Begin PBXBuildFile section */
		553E1929218E569D00B4BD63 /* main.cpp in Sources */ = {isa = PBXBuildFile; fileRef = 553E1928218E569D00B4BD63 /* main.cpp */; };
		553E1931218E570900B4BD63 /* person.cpp in Sources */ = {isa = PBXBuildFile; fileRef = 553E192F218E570900B4BD63 /* person.cpp */; };
		553E1934218E573300B4BD63 /* student.cpp in Sources */ = {isa = PBXBuildFile; fileRef = 553E1932218E573300B4BD63 /* student.cpp */; };
		553E1937218E574700B4BD63 /* instructor.cpp in Sources */ = {isa = PBXBuildFile; fileRef = 553E1935218E574700B4BD63 /* instructor.cpp */; };
/* End PBXBuildFile section */

/* Begin PBXCopyFilesBuildPhase section */
		553E1923218E569D00B4BD63 /* CopyFiles */ = {
			isa = PBXCopyFilesBuildPhase;
			buildActionMask = 2147483647;
			dstPath = /usr/share/man/man1/;
			dstSubfolderSpec = 0;
			files = (
			);
			runOnlyForDeploymentPostprocessing = 1;
		};
/* End PBXCopyFilesBuildPhase section */

/* Begin PBXFileReference section */
		553E1925218E569D00B4BD63 /* P8_2 */ = {isa = PBXFileReference; explicitFileType = "compiled.mach-o.executable"; includeInIndex = 0; path = P8_2; sourceTree = BUILT_PRODUCTS_DIR; };
		553E1928218E569D00B4BD63 /* main.cpp */ = {isa = PBXFileReference; lastKnownFileType = sourcecode.cpp.cpp; path = main.cpp; sourceTree = "<group>"; };
		553E192F218E570900B4BD63 /* person.cpp */ = {isa = PBXFileReference; lastKnownFileType = sourcecode.cpp.cpp; path = person.cpp; sourceTree = "<group>"; };
		553E1930218E570900B4BD63 /* person.hpp */ = {isa = PBXFileReference; lastKnownFileType = sourcecode.cpp.h; path = person.hpp; sourceTree = "<group>"; };
		553E1932218E573300B4BD63 /* student.cpp */ = {isa = PBXFileReference; lastKnownFileType = sourcecode.cpp.cpp; path = student.cpp; sourceTree = "<group>"; };
		553E1933218E573300B4BD63 /* student.hpp */ = {isa = PBXFileReference; lastKnownFileType = sourcecode.cpp.h; path = student.hpp; sourceTree = "<group>"; };
		553E1935218E574700B4BD63 /* instructor.cpp */ = {isa = PBXFileReference; lastKnownFileType = sourcecode.cpp.cpp; path = instructor.cpp; sourceTree = "<group>"; };
		553E1936218E574700B4BD63 /* instructor.hpp */ = {isa = PBXFileReference; lastKnownFileType = sourcecode.cpp.h; path = instructor.hpp; sourceTree = "<group>"; };
/* End PBXFileReference section */

/* Begin PBXFrameworksBuildPhase section */
		553E1922218E569D00B4BD63 /* Frameworks */ = {
			isa = PBXFrameworksBuildPhase;
			buildActionMask = 2147483647;
			files = (
			);
			runOnlyForDeploymentPostprocessing = 0;
		};
/* End PBXFrameworksBuildPhase section */

/* Begin PBXGroup section */
		553E191C218E569D00B4BD63 = {
			isa = PBXGroup;
			children = (
				553E1927218E569D00B4BD63 /* P8_2 */,
				553E1926218E569D00B4BD63 /* Products */,
			);
			sourceTree = "<group>";
		};
		553E1926218E569D00B4BD63 /* Products */ = {
			isa = PBXGroup;
			children = (
				553E1925218E569D00B4BD63 /* P8_2 */,
			);
			name = Products;
			sourceTree = "<group>";
		};
		553E1927218E569D00B4BD63 /* P8_2 */ = {
			isa = PBXGroup;
			children = (
				553E1930218E570900B4BD63 /* person.hpp */,
				553E192F218E570900B4BD63 /* person.cpp */,
				553E1933218E573300B4BD63 /* student.hpp */,
				553E1932218E573300B4BD63 /* student.cpp */,
				553E1936218E574700B4BD63 /* instructor.hpp */,
				553E1935218E574700B4BD63 /* instructor.cpp */,
				553E1928218E569D00B4BD63 /* main.cpp */,
			);
			path = P8_2;
			sourceTree = "<group>";
		};
/* End PBXGroup section */

/* Begin PBXNativeTarget section */
		553E1924218E569D00B4BD63 /* P8_2 */ = {
			isa = PBXNativeTarget;
			buildConfigurationList = 553E192C218E569D00B4BD63 /* Build configuration list for PBXNativeTarget "P8_2" */;
			buildPhases = (
				553E1921218E569D00B4BD63 /* Sources */,
				553E1922218E569D00B4BD63 /* Frameworks */,
				553E1923218E569D00B4BD63 /* CopyFiles */,
			);
			buildRules = (
			);
			dependencies = (
			);
			name = P8_2;
			productName = P8_2;
			productReference = 553E1925218E569D00B4BD63 /* P8_2 */;
			productType = "com.apple.product-type.tool";
		};
/* End PBXNativeTarget section */

/* Begin PBXProject section */
		553E191D218E569D00B4BD63 /* Project object */ = {
			isa = PBXProject;
			attributes = {
				LastUpgradeCheck = 0920;
				ORGANIZATIONNAME = "Christian Meyer";
				TargetAttributes = {
					553E1924218E569D00B4BD63 = {
						CreatedOnToolsVersion = 9.2;
						ProvisioningStyle = Automatic;
					};
				};
			};
			buildConfigurationList = 553E1920218E569D00B4BD63 /* Build configuration list for PBXProject "P8_2" */;
			compatibilityVersion = "Xcode 8.0";
			developmentRegion = en;
			hasScannedForEncodings = 0;
			knownRegions = (
				en,
			);
			mainGroup = 553E191C218E569D00B4BD63;
			productRefGroup = 553E1926218E569D00B4BD63 /* Products */;
			projectDirPath = "";
			projectRoot = "";
			targets = (
				553E1924218E569D00B4BD63 /* P8_2 */,
			);
		};
/* End PBXProject section */

/* Begin PBXSourcesBuildPhase section */
		553E1921218E569D00B4BD63 /* Sources */ = {
			isa = PBXSourcesBuildPhase;
			buildActionMask = 2147483647;
			files = (
				553E1937218E574700B4BD63 /* instructor.cpp in Sources */,
				553E1931218E570900B4BD63 /* person.cpp in Sources */,
				553E1934218E573300B4BD63 /* student.cpp in Sources */,
				553E1929218E569D00B4BD63 /* main.cpp in Sources */,
			);
			runOnlyForDeploymentPostprocessing = 0;
		};
/* End PBXSourcesBuildPhase section */

/* Begin XCBuildConfiguration section */
		553E192A218E569D00B4BD63 /* Debug */ = {
			isa = XCBuildConfiguration;
			buildSettings = {
				ALWAYS_SEARCH_USER_PATHS = NO;
				CLANG_ANALYZER_NONNULL = YES;
				CLANG_ANALYZER_NUMBER_OBJECT_CONVERSION = YES_AGGRESSIVE;
				CLANG_CXX_LANGUAGE_STANDARD = "gnu++14";
				CLANG_CXX_LIBRARY = "libc++";
				CLANG_ENABLE_MODULES = YES;
				CLANG_ENABLE_OBJC_ARC = YES;
				CLANG_WARN_BLOCK_CAPTURE_AUTORELEASING = YES;
				CLANG_WARN_BOOL_CONVERSION = YES;
				CLANG_WARN_COMMA = YES;
				CLANG_WARN_CONSTANT_CONVERSION = YES;
				CLANG_WARN_DIRECT_OBJC_ISA_USAGE = YES_ERROR;
				CLANG_WARN_DOCUMENTATION_COMMENTS = YES;
				CLANG_WARN_EMPTY_BODY = YES;
				CLANG_WARN_ENUM_CONVERSION = YES;
				CLANG_WARN_INFINITE_RECURSION = YES;
				CLANG_WARN_INT_CONVERSION = YES;
				CLANG_WARN_NON_LITERAL_NULL_CONVERSION = YES;
				CLANG_WARN_OBJC_LITERAL_CONVERSION = YES;
				CLANG_WARN_OBJC_ROOT_CLASS = YES_ERROR;
				CLANG_WARN_RANGE_LOOP_ANALYSIS = YES;
				CLANG_WARN_STRICT_PROTOTYPES = YES;
				CLANG_WARN_SUSPICIOUS_MOVE = YES;
				CLANG_WARN_UNGUARDED_AVAILABILITY = YES_AGGRESSIVE;
				CLANG_WARN_UNREACHABLE_CODE = YES;
				CLANG_WARN__DUPLICATE_METHOD_MATCH = YES;
				CODE_SIGN_IDENTITY = "-";
				COPY_PHASE_STRIP = NO;
				DEBUG_INFORMATION_FORMAT = dwarf;
				ENABLE_STRICT_OBJC_MSGSEND = YES;
				ENABLE_TESTABILITY = YES;
				GCC_C_LANGUAGE_STANDARD = gnu11;
				GCC_DYNAMIC_NO_PIC = NO;
				GCC_NO_COMMON_BLOCKS = YES;
				GCC_OPTIMIZATION_LEVEL = 0;
				GCC_PREPROCESSOR_DEFINITIONS = (
					"DEBUG=1",
					"$(inherited)",
				);
				GCC_WARN_64_TO_32_BIT_CONVERSION = YES;
				GCC_WARN_ABOUT_RETURN_TYPE = YES_ERROR;
				GCC_WARN_UNDECLARED_SELECTOR = YES;
				GCC_WARN_UNINITIALIZED_AUTOS = YES_AGGRESSIVE;
				GCC_WARN_UNUSED_FUNCTION = YES;
				GCC_WARN_UNUSED_VARIABLE = YES;
				MACOSX_DEPLOYMENT_TARGET = 10.12;
				MTL_ENABLE_DEBUG_INFO = YES;
				ONLY_ACTIVE_ARCH = YES;
				SDKROOT = macosx;
			};
			name = Debug;
		};
		553E192B218E569D00B4BD63 /* Release */ = {
			isa = XCBuildConfiguration;
			buildSettings = {
				ALWAYS_SEARCH_USER_PATHS = NO;
				CLANG_ANALYZER_NONNULL = YES;
				CLANG_ANALYZER_NUMBER_OBJECT_CONVERSION = YES_AGGRESSIVE;
				CLANG_CXX_LANGUAGE_STANDARD = "gnu++14";
				CLANG_CXX_LIBRARY = "libc++";
				CLANG_ENABLE_MODULES = YES;
				CLANG_ENABLE_OBJC_ARC = YES;
				CLANG_WARN_BLOCK_CAPTURE_AUTORELEASING = YES;
				CLANG_WARN_BOOL_CONVERSION = YES;
				CLANG_WARN_COMMA = YES;
				CLANG_WARN_CONSTANT_CONVERSION = YES;
				CLANG_WARN_DIRECT_OBJC_ISA_USAGE = YES_ERROR;
				CLANG_WARN_DOCUMENTATION_COMMENTS = YES;
				CLANG_WARN_EMPTY_BODY = YES;
				CLANG_WARN_ENUM_CONVERSION = YES;
				CLANG_WARN_INFINITE_RECURSION = YES;
				CLANG_WARN_INT_CONVERSION = YES;
				CLANG_WARN_NON_LITERAL_NULL_CONVERSION = YES;
				CLANG_WARN_OBJC_LITERAL_CONVERSION = YES;
				CLANG_WARN_OBJC_ROOT_CLASS = YES_ERROR;
				CLANG_WARN_RANGE_LOOP_ANALYSIS = YES;
				CLANG_WARN_STRICT_PROTOTYPES = YES;
				CLANG_WARN_SUSPICIOUS_MOVE = YES;
				CLANG_WARN_UNGUARDED_AVAILABILITY = YES_AGGRESSIVE;
				CLANG_WARN_UNREACHABLE_CODE = YES;
				CLANG_WARN__DUPLICATE_METHOD_MATCH = YES;
				CODE_SIGN_IDENTITY = "-";
				COPY_PHASE_STRIP = NO;
				DEBUG_INFORMATION_FORMAT = "dwarf-with-dsym";
				ENABLE_NS_ASSERTIONS = NO;
				ENABLE_STRICT_OBJC_MSGSEND = YES;
				GCC_C_LANGUAGE_STANDARD = gnu11;
				GCC_NO_COMMON_BLOCKS = YES;
				GCC_WARN_64_TO_32_BIT_CONVERSION = YES;
				GCC_WARN_ABOUT_RETURN_TYPE = YES_ERROR;
				GCC_WARN_UNDECLARED_SELECTOR = YES;
				GCC_WARN_UNINITIALIZED_AUTOS = YES_AGGRESSIVE;
				GCC_WARN_UNUSED_FUNCTION = YES;
				GCC_WARN_UNUSED_VARIABLE = YES;
				MACOSX_DEPLOYMENT_TARGET = 10.12;
				MTL_ENABLE_DEBUG_INFO = NO;
				SDKROOT = macosx;
			};
			name = Release;
		};
		553E192D218E569D00B4BD63 /* Debug */ = {
			isa = XCBuildConfiguration;
			buildSettings = {
				CODE_SIGN_STYLE = Automatic;
				PRODUCT_NAME = "$(TARGET_NAME)";
			};
			name = Debug;
		};
		553E192E218E569D00B4BD63 /* Release */ = {
			isa = XCBuildConfiguration;
			buildSettings = {
				CODE_SIGN_STYLE = Automatic;
				PRODUCT_NAME = "$(TARGET_NAME)";
			};
			name = Release;
		};
/* End XCBuildConfiguration section */

/* Begin XCConfigurationList section */
		553E1920218E569D00B4BD63 /* Build configuration list for PBXProject "P8_2" */ = {
			isa = XCConfigurationList;
			buildConfigurations = (
				553E192A218E569D00B4BD63 /* Debug */,
				553E192B218E569D00B4BD63 /* Release */,
			);
			defaultConfigurationIsVisible = 0;
			defaultConfigurationName = Release;
		};
		553E192C218E569D00B4BD63 /* Build configuration list for PBXNativeTarget "P8_2" */ = {
			isa = XCConfigurationList;
			buildConfigurations = (
				553E192D218E569D00B4BD63 /* Debug */,
				553E192E218E569D00B4BD63 /* Release */,
			);
			defaultConfigurationIsVisible = 0;
			defaultConfigurationName = Release;
		};
/* End XCConfigurationList section */
	};
	rootObject = 553E191D218E569D00B4BD63 /* Project object */;
}
