// !$*UTF8*$!
{
	archiveVersion = 1;
	classes = {
	};
	objectVersion = 48;
	objects = {

/* Begin PBXBuildFile section */
		553E1996218FCA0B00B4BD63 /* main.cpp in Sources */ = {isa = PBXBuildFile; fileRef = 553E1995218FCA0B00B4BD63 /* main.cpp */; };
		553E199E218FCA2000B4BD63 /* worker.cpp in Sources */ = {isa = PBXBuildFile; fileRef = 553E199C218FCA2000B4BD63 /* worker.cpp */; };
		553E19A1218FCA3100B4BD63 /* hourlyworker.cpp in Sources */ = {isa = PBXBuildFile; fileRef = 553E199F218FCA3100B4BD63 /* hourlyworker.cpp */; };
		553E19AA218FCA6300B4BD63 /* salaryworker.cpp in Sources */ = {isa = PBXBuildFile; fileRef = 553E19A8218FCA6300B4BD63 /* salaryworker.cpp */; };
/* End PBXBuildFile section */

/* Begin PBXCopyFilesBuildPhase section */
		553E1990218FCA0B00B4BD63 /* CopyFiles */ = {
			isa = PBXCopyFilesBuildPhase;
			buildActionMask = 2147483647;
			dstPath = /usr/share/man/man1/;
			dstSubfolderSpec = 0;
			files = (
			);
			runOnlyForDeploymentPostprocessing = 1;
		};
/* End PBXCopyFilesBuildPhase section */

/* Begin PBXFileReference section */
		553E1992218FCA0B00B4BD63 /* P8_6 */ = {isa = PBXFileReference; explicitFileType = "compiled.mach-o.executable"; includeInIndex = 0; path = P8_6; sourceTree = BUILT_PRODUCTS_DIR; };
		553E1995218FCA0B00B4BD63 /* main.cpp */ = {isa = PBXFileReference; lastKnownFileType = sourcecode.cpp.cpp; path = main.cpp; sourceTree = "<group>"; };
		553E199C218FCA2000B4BD63 /* worker.cpp */ = {isa = PBXFileReference; lastKnownFileType = sourcecode.cpp.cpp; path = worker.cpp; sourceTree = "<group>"; };
		553E199D218FCA2000B4BD63 /* worker.hpp */ = {isa = PBXFileReference; lastKnownFileType = sourcecode.cpp.h; path = worker.hpp; sourceTree = "<group>"; };
		553E199F218FCA3100B4BD63 /* hourlyworker.cpp */ = {isa = PBXFileReference; lastKnownFileType = sourcecode.cpp.cpp; path = hourlyworker.cpp; sourceTree = "<group>"; };
		553E19A0218FCA3100B4BD63 /* hourlyworker.hpp */ = {isa = PBXFileReference; lastKnownFileType = sourcecode.cpp.h; path = hourlyworker.hpp; sourceTree = "<group>"; };
		553E19A8218FCA6300B4BD63 /* salaryworker.cpp */ = {isa = PBXFileReference; lastKnownFileType = sourcecode.cpp.cpp; path = salaryworker.cpp; sourceTree = "<group>"; };
		553E19A9218FCA6300B4BD63 /* salaryworker.hpp */ = {isa = PBXFileReference; lastKnownFileType = sourcecode.cpp.h; path = salaryworker.hpp; sourceTree = "<group>"; };
/* End PBXFileReference section */

/* Begin PBXFrameworksBuildPhase section */
		553E198F218FCA0B00B4BD63 /* Frameworks */ = {
			isa = PBXFrameworksBuildPhase;
			buildActionMask = 2147483647;
			files = (
			);
			runOnlyForDeploymentPostprocessing = 0;
		};
/* End PBXFrameworksBuildPhase section */

/* Begin PBXGroup section */
		553E1989218FCA0B00B4BD63 = {
			isa = PBXGroup;
			children = (
				553E1994218FCA0B00B4BD63 /* P8_6 */,
				553E1993218FCA0B00B4BD63 /* Products */,
			);
			sourceTree = "<group>";
		};
		553E1993218FCA0B00B4BD63 /* Products */ = {
			isa = PBXGroup;
			children = (
				553E1992218FCA0B00B4BD63 /* P8_6 */,
			);
			name = Products;
			sourceTree = "<group>";
		};
		553E1994218FCA0B00B4BD63 /* P8_6 */ = {
			isa = PBXGroup;
			children = (
				553E199D218FCA2000B4BD63 /* worker.hpp */,
				553E199C218FCA2000B4BD63 /* worker.cpp */,
				553E19A0218FCA3100B4BD63 /* hourlyworker.hpp */,
				553E199F218FCA3100B4BD63 /* hourlyworker.cpp */,
				553E19A9218FCA6300B4BD63 /* salaryworker.hpp */,
				553E19A8218FCA6300B4BD63 /* salaryworker.cpp */,
				553E1995218FCA0B00B4BD63 /* main.cpp */,
			);
			path = P8_6;
			sourceTree = "<group>";
		};
/* End PBXGroup section */

/* Begin PBXNativeTarget section */
		553E1991218FCA0B00B4BD63 /* P8_6 */ = {
			isa = PBXNativeTarget;
			buildConfigurationList = 553E1999218FCA0B00B4BD63 /* Build configuration list for PBXNativeTarget "P8_6" */;
			buildPhases = (
				553E198E218FCA0B00B4BD63 /* Sources */,
				553E198F218FCA0B00B4BD63 /* Frameworks */,
				553E1990218FCA0B00B4BD63 /* CopyFiles */,
			);
			buildRules = (
			);
			dependencies = (
			);
			name = P8_6;
			productName = P8_6;
			productReference = 553E1992218FCA0B00B4BD63 /* P8_6 */;
			productType = "com.apple.product-type.tool";
		};
/* End PBXNativeTarget section */

/* Begin PBXProject section */
		553E198A218FCA0B00B4BD63 /* Project object */ = {
			isa = PBXProject;
			attributes = {
				LastUpgradeCheck = 0920;
				ORGANIZATIONNAME = "Christian Meyer";
				TargetAttributes = {
					553E1991218FCA0B00B4BD63 = {
						CreatedOnToolsVersion = 9.2;
						ProvisioningStyle = Automatic;
					};
				};
			};
			buildConfigurationList = 553E198D218FCA0B00B4BD63 /* Build configuration list for PBXProject "P8_6" */;
			compatibilityVersion = "Xcode 8.0";
			developmentRegion = en;
			hasScannedForEncodings = 0;
			knownRegions = (
				en,
			);
			mainGroup = 553E1989218FCA0B00B4BD63;
			productRefGroup = 553E1993218FCA0B00B4BD63 /* Products */;
			projectDirPath = "";
			projectRoot = "";
			targets = (
				553E1991218FCA0B00B4BD63 /* P8_6 */,
			);
		};
/* End PBXProject section */

/* Begin PBXSourcesBuildPhase section */
		553E198E218FCA0B00B4BD63 /* Sources */ = {
			isa = PBXSourcesBuildPhase;
			buildActionMask = 2147483647;
			files = (
				553E19A1218FCA3100B4BD63 /* hourlyworker.cpp in Sources */,
				553E1996218FCA0B00B4BD63 /* main.cpp in Sources */,
				553E199E218FCA2000B4BD63 /* worker.cpp in Sources */,
				553E19AA218FCA6300B4BD63 /* salaryworker.cpp in Sources */,
			);
			runOnlyForDeploymentPostprocessing = 0;
		};
/* End PBXSourcesBuildPhase section */

/* Begin XCBuildConfiguration section */
		553E1997218FCA0B00B4BD63 /* Debug */ = {
			isa = XCBuildConfiguration;
			buildSettings = {
				ALWAYS_SEARCH_USER_PATHS = NO;
				CLANG_ANALYZER_NONNULL = YES;
				CLANG_ANALYZER_NUMBER_OBJECT_CONVERSION = YES_AGGRESSIVE;
				CLANG_CXX_LANGUAGE_STANDARD = "gnu++14";
				CLANG_CXX_LIBRARY = "libc++";
				CLANG_ENABLE_MODULES = YES;
				CLANG_ENABLE_OBJC_ARC = YES;
				CLANG_WARN_BLOCK_CAPTURE_AUTORELEASING = YES;
				CLANG_WARN_BOOL_CONVERSION = YES;
				CLANG_WARN_COMMA = YES;
				CLANG_WARN_CONSTANT_CONVERSION = YES;
				CLANG_WARN_DIRECT_OBJC_ISA_USAGE = YES_ERROR;
				CLANG_WARN_DOCUMENTATION_COMMENTS = YES;
				CLANG_WARN_EMPTY_BODY = YES;
				CLANG_WARN_ENUM_CONVERSION = YES;
				CLANG_WARN_INFINITE_RECURSION = YES;
				CLANG_WARN_INT_CONVERSION = YES;
				CLANG_WARN_NON_LITERAL_NULL_CONVERSION = YES;
				CLANG_WARN_OBJC_LITERAL_CONVERSION = YES;
				CLANG_WARN_OBJC_ROOT_CLASS = YES_ERROR;
				CLANG_WARN_RANGE_LOOP_ANALYSIS = YES;
				CLANG_WARN_STRICT_PROTOTYPES = YES;
				CLANG_WARN_SUSPICIOUS_MOVE = YES;
				CLANG_WARN_UNGUARDED_AVAILABILITY = YES_AGGRESSIVE;
				CLANG_WARN_UNREACHABLE_CODE = YES;
				CLANG_WARN__DUPLICATE_METHOD_MATCH = YES;
				CODE_SIGN_IDENTITY = "-";
				COPY_PHASE_STRIP = NO;
				DEBUG_INFORMATION_FORMAT = dwarf;
				ENABLE_STRICT_OBJC_MSGSEND = YES;
				ENABLE_TESTABILITY = YES;
				GCC_C_LANGUAGE_STANDARD = gnu11;
				GCC_DYNAMIC_NO_PIC = NO;
				GCC_NO_COMMON_BLOCKS = YES;
				GCC_OPTIMIZATION_LEVEL = 0;
				GCC_PREPROCESSOR_DEFINITIONS = (
					"DEBUG=1",
					"$(inherited)",
				);
				GCC_WARN_64_TO_32_BIT_CONVERSION = YES;
				GCC_WARN_ABOUT_RETURN_TYPE = YES_ERROR;
				GCC_WARN_UNDECLARED_SELECTOR = YES;
				GCC_WARN_UNINITIALIZED_AUTOS = YES_AGGRESSIVE;
				GCC_WARN_UNUSED_FUNCTION = YES;
				GCC_WARN_UNUSED_VARIABLE = YES;
				MACOSX_DEPLOYMENT_TARGET = 10.12;
				MTL_ENABLE_DEBUG_INFO = YES;
				ONLY_ACTIVE_ARCH = YES;
				SDKROOT = macosx;
			};
			name = Debug;
		};
		553E1998218FCA0B00B4BD63 /* Release */ = {
			isa = XCBuildConfiguration;
			buildSettings = {
				ALWAYS_SEARCH_USER_PATHS = NO;
				CLANG_ANALYZER_NONNULL = YES;
				CLANG_ANALYZER_NUMBER_OBJECT_CONVERSION = YES_AGGRESSIVE;
				CLANG_CXX_LANGUAGE_STANDARD = "gnu++14";
				CLANG_CXX_LIBRARY = "libc++";
				CLANG_ENABLE_MODULES = YES;
				CLANG_ENABLE_OBJC_ARC = YES;
				CLANG_WARN_BLOCK_CAPTURE_AUTORELEASING = YES;
				CLANG_WARN_BOOL_CONVERSION = YES;
				CLANG_WARN_COMMA = YES;
				CLANG_WARN_CONSTANT_CONVERSION = YES;
				CLANG_WARN_DIRECT_OBJC_ISA_USAGE = YES_ERROR;
				CLANG_WARN_DOCUMENTATION_COMMENTS = YES;
				CLANG_WARN_EMPTY_BODY = YES;
				CLANG_WARN_ENUM_CONVERSION = YES;
				CLANG_WARN_INFINITE_RECURSION = YES;
				CLANG_WARN_INT_CONVERSION = YES;
				CLANG_WARN_NON_LITERAL_NULL_CONVERSION = YES;
				CLANG_WARN_OBJC_LITERAL_CONVERSION = YES;
				CLANG_WARN_OBJC_ROOT_CLASS = YES_ERROR;
				CLANG_WARN_RANGE_LOOP_ANALYSIS = YES;
				CLANG_WARN_STRICT_PROTOTYPES = YES;
				CLANG_WARN_SUSPICIOUS_MOVE = YES;
				CLANG_WARN_UNGUARDED_AVAILABILITY = YES_AGGRESSIVE;
				CLANG_WARN_UNREACHABLE_CODE = YES;
				CLANG_WARN__DUPLICATE_METHOD_MATCH = YES;
				CODE_SIGN_IDENTITY = "-";
				COPY_PHASE_STRIP = NO;
				DEBUG_INFORMATION_FORMAT = "dwarf-with-dsym";
				ENABLE_NS_ASSERTIONS = NO;
				ENABLE_STRICT_OBJC_MSGSEND = YES;
				GCC_C_LANGUAGE_STANDARD = gnu11;
				GCC_NO_COMMON_BLOCKS = YES;
				GCC_WARN_64_TO_32_BIT_CONVERSION = YES;
				GCC_WARN_ABOUT_RETURN_TYPE = YES_ERROR;
				GCC_WARN_UNDECLARED_SELECTOR = YES;
				GCC_WARN_UNINITIALIZED_AUTOS = YES_AGGRESSIVE;
				GCC_WARN_UNUSED_FUNCTION = YES;
				GCC_WARN_UNUSED_VARIABLE = YES;
				MACOSX_DEPLOYMENT_TARGET = 10.12;
				MTL_ENABLE_DEBUG_INFO = NO;
				SDKROOT = macosx;
			};
			name = Release;
		};
		553E199A218FCA0B00B4BD63 /* Debug */ = {
			isa = XCBuildConfiguration;
			buildSettings = {
				CODE_SIGN_STYLE = Automatic;
				PRODUCT_NAME = "$(TARGET_NAME)";
			};
			name = Debug;
		};
		553E199B218FCA0B00B4BD63 /* Release */ = {
			isa = XCBuildConfiguration;
			buildSettings = {
				CODE_SIGN_STYLE = Automatic;
				PRODUCT_NAME = "$(TARGET_NAME)";
			};
			name = Release;
		};
/* End XCBuildConfiguration section */

/* Begin XCConfigurationList section */
		553E198D218FCA0B00B4BD63 /* Build configuration list for PBXProject "P8_6" */ = {
			isa = XCConfigurationList;
			buildConfigurations = (
				553E1997218FCA0B00B4BD63 /* Debug */,
				553E1998218FCA0B00B4BD63 /* Release */,
			);
			defaultConfigurationIsVisible = 0;
			defaultConfigurationName = Release;
		};
		553E1999218FCA0B00B4BD63 /* Build configuration list for PBXNativeTarget "P8_6" */ = {
			isa = XCConfigurationList;
			buildConfigurations = (
				553E199A218FCA0B00B4BD63 /* Debug */,
				553E199B218FCA0B00B4BD63 /* Release */,
			);
			defaultConfigurationIsVisible = 0;
			defaultConfigurationName = Release;
		};
/* End XCConfigurationList section */
	};
	rootObject = 553E198A218FCA0B00B4BD63 /* Project object */;
}
